
Microsoft Visual Studio Solution File, Format Version 12.00
# Visual Studio Version 17
VisualStudioVersion = 17.11.35219.272
MinimumVisualStudioVersion = 10.0.40219.1
Project("{FAE04EC0-301F-11D3-BF4B-00C04F79EFBC}") = "Template Method Pattern", "Template Method Pattern\Template Method Pattern.csproj", "{F6649078-C15D-4182-B4C6-B00D8371C536}"
EndProject
Global
	GlobalSection(SolutionConfigurationPlatforms) = preSolution
		Debug|Any CPU = Debug|Any CPU
		Release|Any CPU = Release|Any CPU
	EndGlobalSection
	GlobalSection(ProjectConfigurationPlatforms) = postSolution
		{F6649078-C15D-4182-B4C6-B00D8371C536}.Debug|Any CPU.ActiveCfg = Debug|Any CPU
		{F6649078-C15D-4182-B4C6-B00D8371C536}.Debug|Any CPU.Build.0 = Debug|Any CPU
		{F6649078-C15D-4182-B4C6-B00D8371C536}.Release|Any CPU.ActiveCfg = Release|Any CPU
		{F6649078-C15D-4182-B4C6-B00D8371C536}.Release|Any CPU.Build.0 = Release|Any CPU
	EndGlobalSection
	GlobalSection(SolutionProperties) = preSolution
		HideSolutionNode = FALSE
	EndGlobalSection
	GlobalSection(ExtensibilityGlobals) = postSolution
		SolutionGuid = {DEE2F1AB-30D0-4418-AFC9-9CDC001AD718}
	EndGlobalSection
EndGlobal
